// !$*UTF8*$!
{
	archiveVersion = 1;
	classes = {
	};
	objectVersion = 54;
	objects = {

/* Begin PBXBuildFile section */
		00E356F31AD99517003FC87E /* pw_mobileTests.m in Sources */ = {isa = PBXBuildFile; fileRef = 00E356F21AD99517003FC87E /* pw_mobileTests.m */; };
		13B07FBC1A68108700A75B9A /* AppDelegate.mm in Sources */ = {isa = PBXBuildFile; fileRef = 13B07FB01A68108700A75B9A /* AppDelegate.mm */; };
		13B07FBF1A68108700A75B9A /* Images.xcassets in Resources */ = {isa = PBXBuildFile; fileRef = 13B07FB51A68108700A75B9A /* Images.xcassets */; };
		13B07FC11A68108700A75B9A /* main.m in Sources */ = {isa = PBXBuildFile; fileRef = 13B07FB71A68108700A75B9A /* main.m */; };
		1FDE701E3FD2474CB0FF6D21 /* Inter-Light.ttf in Resources */ = {isa = PBXBuildFile; fileRef = 52631615F3EA46CDB07F56EE /* Inter-Light.ttf */; };
		2095F4EAE2704A61890EAD24 /* Inter-Thin.ttf in Resources */ = {isa = PBXBuildFile; fileRef = 034D976B031144D49C08597D /* Inter-Thin.ttf */; };
		37A666B9BD9344D0BB23F3AE /* Inter-SemiBold.ttf in Resources */ = {isa = PBXBuildFile; fileRef = 8DBBCCD34D6E44EB8D462557 /* Inter-SemiBold.ttf */; };
		3CA8855B37DD49A1963EFA62 /* Inter-Black.ttf in Resources */ = {isa = PBXBuildFile; fileRef = 3D6A8F4ADC87463B90F04147 /* Inter-Black.ttf */; };
		3D86D20926494AC2868A2C18 /* Inter-Medium.ttf in Resources */ = {isa = PBXBuildFile; fileRef = 2CA0F10E9B694D5B997E188E /* Inter-Medium.ttf */; };
		43007B85E3C7C6AFD09D813D /* libPods-pw_mobile-pw_mobileTests.a in Frameworks */ = {isa = PBXBuildFile; fileRef = 60611D811E4BFD926568F61B /* libPods-pw_mobile-pw_mobileTests.a */; };
		485A9C5403C94B2F84C0715B /* Inter-Bold.ttf in Resources */ = {isa = PBXBuildFile; fileRef = 8D9C0244B21D4FEE8F8EC6C3 /* Inter-Bold.ttf */; };
		521C6B821BA449D78E4EC2FE /* Inter-VariableFont_slnt,wght.ttf in Resources */ = {isa = PBXBuildFile; fileRef = 3A96DAFF5E654DFA8A1F1C4B /* Inter-VariableFont_slnt,wght.ttf */; };
		81AB9BB82411601600AC10FF /* LaunchScreen.storyboard in Resources */ = {isa = PBXBuildFile; fileRef = 81AB9BB72411601600AC10FF /* LaunchScreen.storyboard */; };
		8AD5E6462AB3737C00925DB5 /* Fontisto.ttf in Resources */ = {isa = PBXBuildFile; fileRef = 8AD5E6332AB3735900925DB5 /* Fontisto.ttf */; };
		8AD5E6472AB3737C00925DB5 /* Octicons.ttf in Resources */ = {isa = PBXBuildFile; fileRef = 8AD5E6342AB3735900925DB5 /* Octicons.ttf */; };
		8AD5E6482AB3737C00925DB5 /* Feather.ttf in Resources */ = {isa = PBXBuildFile; fileRef = 8AD5E6352AB3735900925DB5 /* Feather.ttf */; };
		8AD5E6492AB3737C00925DB5 /* FontAwesome6_Regular.ttf in Resources */ = {isa = PBXBuildFile; fileRef = 8AD5E6362AB3735900925DB5 /* FontAwesome6_Regular.ttf */; };
		8AD5E64A2AB3737C00925DB5 /* Entypo.ttf in Resources */ = {isa = PBXBuildFile; fileRef = 8AD5E6372AB3735900925DB5 /* Entypo.ttf */; };
		8AD5E64B2AB3737C00925DB5 /* FontAwesome5_Brands.ttf in Resources */ = {isa = PBXBuildFile; fileRef = 8AD5E6382AB3735900925DB5 /* FontAwesome5_Brands.ttf */; };
		8AD5E64C2AB3737C00925DB5 /* MaterialCommunityIcons.ttf in Resources */ = {isa = PBXBuildFile; fileRef = 8AD5E6392AB3735900925DB5 /* MaterialCommunityIcons.ttf */; };
		8AD5E64D2AB3737C00925DB5 /* AntDesign.ttf in Resources */ = {isa = PBXBuildFile; fileRef = 8AD5E63A2AB3735900925DB5 /* AntDesign.ttf */; };
		8AD5E64E2AB3737C00925DB5 /* Foundation.ttf in Resources */ = {isa = PBXBuildFile; fileRef = 8AD5E63B2AB3735900925DB5 /* Foundation.ttf */; };
		8AD5E64F2AB3737C00925DB5 /* Ionicons.ttf in Resources */ = {isa = PBXBuildFile; fileRef = 8AD5E63C2AB3735900925DB5 /* Ionicons.ttf */; };
		8AD5E6502AB3737C00925DB5 /* FontAwesome5_Solid.ttf in Resources */ = {isa = PBXBuildFile; fileRef = 8AD5E63D2AB3735900925DB5 /* FontAwesome5_Solid.ttf */; };
		8AD5E6512AB3737C00925DB5 /* FontAwesome5_Regular.ttf in Resources */ = {isa = PBXBuildFile; fileRef = 8AD5E63E2AB3735900925DB5 /* FontAwesome5_Regular.ttf */; };
		8AD5E6522AB3737C00925DB5 /* FontAwesome.ttf in Resources */ = {isa = PBXBuildFile; fileRef = 8AD5E63F2AB3735900925DB5 /* FontAwesome.ttf */; };
		8AD5E6532AB3737C00925DB5 /* Zocial.ttf in Resources */ = {isa = PBXBuildFile; fileRef = 8AD5E6402AB3735900925DB5 /* Zocial.ttf */; };
		8AD5E6542AB3737C00925DB5 /* EvilIcons.ttf in Resources */ = {isa = PBXBuildFile; fileRef = 8AD5E6412AB3735900925DB5 /* EvilIcons.ttf */; };
		8AD5E6552AB3737C00925DB5 /* FontAwesome6_Solid.ttf in Resources */ = {isa = PBXBuildFile; fileRef = 8AD5E6422AB3735900925DB5 /* FontAwesome6_Solid.ttf */; };
		8AD5E6562AB3737C00925DB5 /* SimpleLineIcons.ttf in Resources */ = {isa = PBXBuildFile; fileRef = 8AD5E6432AB3735900925DB5 /* SimpleLineIcons.ttf */; };
		8AD5E6572AB3737C00925DB5 /* FontAwesome6_Brands.ttf in Resources */ = {isa = PBXBuildFile; fileRef = 8AD5E6442AB3735900925DB5 /* FontAwesome6_Brands.ttf */; };
		8AD5E6582AB3737C00925DB5 /* MaterialIcons.ttf in Resources */ = {isa = PBXBuildFile; fileRef = 8AD5E6452AB3735900925DB5 /* MaterialIcons.ttf */; };
		9CE97A39E76548799AB04FC1 /* README.txt in Resources */ = {isa = PBXBuildFile; fileRef = 808EB68C41AD4177BE48255B /* README.txt */; };
		A2A23F24C437498E86C23DC0 /* Inter-ExtraLight.ttf in Resources */ = {isa = PBXBuildFile; fileRef = F7B11666D1014EB5BE72DA42 /* Inter-ExtraLight.ttf */; };
		D12997564E763EBA0C89B77E /* libPods-pw_mobile.a in Frameworks */ = {isa = PBXBuildFile; fileRef = FB7256A9DE15EA54B3D72278 /* libPods-pw_mobile.a */; };
		D9E73126D4A14086AD4F7D06 /* Inter-ExtraBold.ttf in Resources */ = {isa = PBXBuildFile; fileRef = AEC204373CE0413C8D18D073 /* Inter-ExtraBold.ttf */; };
		E53EED371C974DF59EF54B68 /* Inter-Regular.ttf in Resources */ = {isa = PBXBuildFile; fileRef = 3F24B6F7191944FB94A9861D /* Inter-Regular.ttf */; };
		F89CE0B4A89A45B581DDB752 /* OFL.txt in Resources */ = {isa = PBXBuildFile; fileRef = 64DB7B5450E04CD98BC2A959 /* OFL.txt */; };
/* End PBXBuildFile section */

/* Begin PBXContainerItemProxy section */
		00E356F41AD99517003FC87E /* PBXContainerItemProxy */ = {
			isa = PBXContainerItemProxy;
			containerPortal = 83CBB9F71A601CBA00E9B192 /* Project object */;
			proxyType = 1;
			remoteGlobalIDString = 13B07F861A680F5B00A75B9A;
			remoteInfo = pw_mobile;
		};
/* End PBXContainerItemProxy section */

/* Begin PBXFileReference section */
		00E356EE1AD99517003FC87E /* pw_mobileTests.xctest */ = {isa = PBXFileReference; explicitFileType = wrapper.cfbundle; includeInIndex = 0; path = pw_mobileTests.xctest; sourceTree = BUILT_PRODUCTS_DIR; };
		00E356F11AD99517003FC87E /* Info.plist */ = {isa = PBXFileReference; lastKnownFileType = text.plist.xml; path = Info.plist; sourceTree = "<group>"; };
		00E356F21AD99517003FC87E /* pw_mobileTests.m */ = {isa = PBXFileReference; lastKnownFileType = sourcecode.c.objc; path = pw_mobileTests.m; sourceTree = "<group>"; };
		034D976B031144D49C08597D /* Inter-Thin.ttf */ = {isa = PBXFileReference; explicitFileType = undefined; fileEncoding = undefined; includeInIndex = 0; lastKnownFileType = unknown; name = "Inter-Thin.ttf"; path = "../assets/fonts/Inter-Thin.ttf"; sourceTree = "<group>"; };
		13B07F961A680F5B00A75B9A /* pw_mobile.app */ = {isa = PBXFileReference; explicitFileType = wrapper.application; includeInIndex = 0; path = pw_mobile.app; sourceTree = BUILT_PRODUCTS_DIR; };
		13B07FAF1A68108700A75B9A /* AppDelegate.h */ = {isa = PBXFileReference; fileEncoding = 4; lastKnownFileType = sourcecode.c.h; name = AppDelegate.h; path = pw_mobile/AppDelegate.h; sourceTree = "<group>"; };
		13B07FB01A68108700A75B9A /* AppDelegate.mm */ = {isa = PBXFileReference; fileEncoding = 4; lastKnownFileType = sourcecode.cpp.objcpp; name = AppDelegate.mm; path = pw_mobile/AppDelegate.mm; sourceTree = "<group>"; };
		13B07FB51A68108700A75B9A /* Images.xcassets */ = {isa = PBXFileReference; lastKnownFileType = folder.assetcatalog; name = Images.xcassets; path = pw_mobile/Images.xcassets; sourceTree = "<group>"; };
		13B07FB61A68108700A75B9A /* Info.plist */ = {isa = PBXFileReference; fileEncoding = 4; lastKnownFileType = text.plist.xml; name = Info.plist; path = pw_mobile/Info.plist; sourceTree = "<group>"; };
		13B07FB71A68108700A75B9A /* main.m */ = {isa = PBXFileReference; fileEncoding = 4; lastKnownFileType = sourcecode.c.objc; name = main.m; path = pw_mobile/main.m; sourceTree = "<group>"; };
		1ED0F42CAA139E750481A345 /* Pods-pw_mobile-pw_mobileTests.release.xcconfig */ = {isa = PBXFileReference; includeInIndex = 1; lastKnownFileType = text.xcconfig; name = "Pods-pw_mobile-pw_mobileTests.release.xcconfig"; path = "Target Support Files/Pods-pw_mobile-pw_mobileTests/Pods-pw_mobile-pw_mobileTests.release.xcconfig"; sourceTree = "<group>"; };
		2CA0F10E9B694D5B997E188E /* Inter-Medium.ttf */ = {isa = PBXFileReference; explicitFileType = undefined; fileEncoding = undefined; includeInIndex = 0; lastKnownFileType = unknown; name = "Inter-Medium.ttf"; path = "../assets/fonts/Inter-Medium.ttf"; sourceTree = "<group>"; };
		38215656BD2C7923A1E667CE /* Pods-pw_mobile.release.xcconfig */ = {isa = PBXFileReference; includeInIndex = 1; lastKnownFileType = text.xcconfig; name = "Pods-pw_mobile.release.xcconfig"; path = "Target Support Files/Pods-pw_mobile/Pods-pw_mobile.release.xcconfig"; sourceTree = "<group>"; };
		3A96DAFF5E654DFA8A1F1C4B /* Inter-VariableFont_slnt,wght.ttf */ = {isa = PBXFileReference; explicitFileType = undefined; fileEncoding = undefined; includeInIndex = 0; lastKnownFileType = unknown; name = "Inter-VariableFont_slnt,wght.ttf"; path = "../assets/fonts/Inter-VariableFont_slnt,wght.ttf"; sourceTree = "<group>"; };
		3D6A8F4ADC87463B90F04147 /* Inter-Black.ttf */ = {isa = PBXFileReference; explicitFileType = undefined; fileEncoding = undefined; includeInIndex = 0; lastKnownFileType = unknown; name = "Inter-Black.ttf"; path = "../assets/fonts/Inter-Black.ttf"; sourceTree = "<group>"; };
		3F24B6F7191944FB94A9861D /* Inter-Regular.ttf */ = {isa = PBXFileReference; explicitFileType = undefined; fileEncoding = undefined; includeInIndex = 0; lastKnownFileType = unknown; name = "Inter-Regular.ttf"; path = "../assets/fonts/Inter-Regular.ttf"; sourceTree = "<group>"; };
		52631615F3EA46CDB07F56EE /* Inter-Light.ttf */ = {isa = PBXFileReference; explicitFileType = undefined; fileEncoding = undefined; includeInIndex = 0; lastKnownFileType = unknown; name = "Inter-Light.ttf"; path = "../assets/fonts/Inter-Light.ttf"; sourceTree = "<group>"; };
		60611D811E4BFD926568F61B /* libPods-pw_mobile-pw_mobileTests.a */ = {isa = PBXFileReference; explicitFileType = archive.ar; includeInIndex = 0; path = "libPods-pw_mobile-pw_mobileTests.a"; sourceTree = BUILT_PRODUCTS_DIR; };
		64DB7B5450E04CD98BC2A959 /* OFL.txt */ = {isa = PBXFileReference; explicitFileType = undefined; fileEncoding = undefined; includeInIndex = 0; lastKnownFileType = unknown; name = OFL.txt; path = ../assets/fonts/OFL.txt; sourceTree = "<group>"; };
		808EB68C41AD4177BE48255B /* README.txt */ = {isa = PBXFileReference; explicitFileType = undefined; fileEncoding = undefined; includeInIndex = 0; lastKnownFileType = unknown; name = README.txt; path = ../assets/fonts/README.txt; sourceTree = "<group>"; };
		81AB9BB72411601600AC10FF /* LaunchScreen.storyboard */ = {isa = PBXFileReference; fileEncoding = 4; lastKnownFileType = file.storyboard; name = LaunchScreen.storyboard; path = pw_mobile/LaunchScreen.storyboard; sourceTree = "<group>"; };
		81C5BE6677EDAE5DE329A3F1 /* Pods-pw_mobile-pw_mobileTests.debug.xcconfig */ = {isa = PBXFileReference; includeInIndex = 1; lastKnownFileType = text.xcconfig; name = "Pods-pw_mobile-pw_mobileTests.debug.xcconfig"; path = "Target Support Files/Pods-pw_mobile-pw_mobileTests/Pods-pw_mobile-pw_mobileTests.debug.xcconfig"; sourceTree = "<group>"; };
		8AD5E6332AB3735900925DB5 /* Fontisto.ttf */ = {isa = PBXFileReference; lastKnownFileType = file; path = Fontisto.ttf; sourceTree = "<group>"; };
		8AD5E6342AB3735900925DB5 /* Octicons.ttf */ = {isa = PBXFileReference; lastKnownFileType = file; path = Octicons.ttf; sourceTree = "<group>"; };
		8AD5E6352AB3735900925DB5 /* Feather.ttf */ = {isa = PBXFileReference; lastKnownFileType = file; path = Feather.ttf; sourceTree = "<group>"; };
		8AD5E6362AB3735900925DB5 /* FontAwesome6_Regular.ttf */ = {isa = PBXFileReference; lastKnownFileType = file; path = FontAwesome6_Regular.ttf; sourceTree = "<group>"; };
		8AD5E6372AB3735900925DB5 /* Entypo.ttf */ = {isa = PBXFileReference; lastKnownFileType = file; path = Entypo.ttf; sourceTree = "<group>"; };
		8AD5E6382AB3735900925DB5 /* FontAwesome5_Brands.ttf */ = {isa = PBXFileReference; lastKnownFileType = file; path = FontAwesome5_Brands.ttf; sourceTree = "<group>"; };
		8AD5E6392AB3735900925DB5 /* MaterialCommunityIcons.ttf */ = {isa = PBXFileReference; lastKnownFileType = file; path = MaterialCommunityIcons.ttf; sourceTree = "<group>"; };
		8AD5E63A2AB3735900925DB5 /* AntDesign.ttf */ = {isa = PBXFileReference; lastKnownFileType = file; path = AntDesign.ttf; sourceTree = "<group>"; };
		8AD5E63B2AB3735900925DB5 /* Foundation.ttf */ = {isa = PBXFileReference; lastKnownFileType = file; path = Foundation.ttf; sourceTree = "<group>"; };
		8AD5E63C2AB3735900925DB5 /* Ionicons.ttf */ = {isa = PBXFileReference; lastKnownFileType = file; path = Ionicons.ttf; sourceTree = "<group>"; };
		8AD5E63D2AB3735900925DB5 /* FontAwesome5_Solid.ttf */ = {isa = PBXFileReference; lastKnownFileType = file; path = FontAwesome5_Solid.ttf; sourceTree = "<group>"; };
		8AD5E63E2AB3735900925DB5 /* FontAwesome5_Regular.ttf */ = {isa = PBXFileReference; lastKnownFileType = file; path = FontAwesome5_Regular.ttf; sourceTree = "<group>"; };
		8AD5E63F2AB3735900925DB5 /* FontAwesome.ttf */ = {isa = PBXFileReference; lastKnownFileType = file; path = FontAwesome.ttf; sourceTree = "<group>"; };
		8AD5E6402AB3735900925DB5 /* Zocial.ttf */ = {isa = PBXFileReference; lastKnownFileType = file; path = Zocial.ttf; sourceTree = "<group>"; };
		8AD5E6412AB3735900925DB5 /* EvilIcons.ttf */ = {isa = PBXFileReference; lastKnownFileType = file; path = EvilIcons.ttf; sourceTree = "<group>"; };
		8AD5E6422AB3735900925DB5 /* FontAwesome6_Solid.ttf */ = {isa = PBXFileReference; lastKnownFileType = file; path = FontAwesome6_Solid.ttf; sourceTree = "<group>"; };
		8AD5E6432AB3735900925DB5 /* SimpleLineIcons.ttf */ = {isa = PBXFileReference; lastKnownFileType = file; path = SimpleLineIcons.ttf; sourceTree = "<group>"; };
		8AD5E6442AB3735900925DB5 /* FontAwesome6_Brands.ttf */ = {isa = PBXFileReference; lastKnownFileType = file; path = FontAwesome6_Brands.ttf; sourceTree = "<group>"; };
		8AD5E6452AB3735900925DB5 /* MaterialIcons.ttf */ = {isa = PBXFileReference; lastKnownFileType = file; path = MaterialIcons.ttf; sourceTree = "<group>"; };
		8D9C0244B21D4FEE8F8EC6C3 /* Inter-Bold.ttf */ = {isa = PBXFileReference; explicitFileType = undefined; fileEncoding = undefined; includeInIndex = 0; lastKnownFileType = unknown; name = "Inter-Bold.ttf"; path = "../assets/fonts/Inter-Bold.ttf"; sourceTree = "<group>"; };
		8DBBCCD34D6E44EB8D462557 /* Inter-SemiBold.ttf */ = {isa = PBXFileReference; explicitFileType = undefined; fileEncoding = undefined; includeInIndex = 0; lastKnownFileType = unknown; name = "Inter-SemiBold.ttf"; path = "../assets/fonts/Inter-SemiBold.ttf"; sourceTree = "<group>"; };
		AEC204373CE0413C8D18D073 /* Inter-ExtraBold.ttf */ = {isa = PBXFileReference; explicitFileType = undefined; fileEncoding = undefined; includeInIndex = 0; lastKnownFileType = unknown; name = "Inter-ExtraBold.ttf"; path = "../assets/fonts/Inter-ExtraBold.ttf"; sourceTree = "<group>"; };
		ED297162215061F000B7C4FE /* JavaScriptCore.framework */ = {isa = PBXFileReference; lastKnownFileType = wrapper.framework; name = JavaScriptCore.framework; path = System/Library/Frameworks/JavaScriptCore.framework; sourceTree = SDKROOT; };
		ED2A324BF5706AFFD8714E36 /* Pods-pw_mobile.debug.xcconfig */ = {isa = PBXFileReference; includeInIndex = 1; lastKnownFileType = text.xcconfig; name = "Pods-pw_mobile.debug.xcconfig"; path = "Target Support Files/Pods-pw_mobile/Pods-pw_mobile.debug.xcconfig"; sourceTree = "<group>"; };
		F7B11666D1014EB5BE72DA42 /* Inter-ExtraLight.ttf */ = {isa = PBXFileReference; explicitFileType = undefined; fileEncoding = undefined; includeInIndex = 0; lastKnownFileType = unknown; name = "Inter-ExtraLight.ttf"; path = "../assets/fonts/Inter-ExtraLight.ttf"; sourceTree = "<group>"; };
		FB7256A9DE15EA54B3D72278 /* libPods-pw_mobile.a */ = {isa = PBXFileReference; explicitFileType = archive.ar; includeInIndex = 0; path = "libPods-pw_mobile.a"; sourceTree = BUILT_PRODUCTS_DIR; };
/* End PBXFileReference section */

/* Begin PBXFrameworksBuildPhase section */
		00E356EB1AD99517003FC87E /* Frameworks */ = {
			isa = PBXFrameworksBuildPhase;
			buildActionMask = 2147483647;
			files = (
				43007B85E3C7C6AFD09D813D /* libPods-pw_mobile-pw_mobileTests.a in Frameworks */,
			);
			runOnlyForDeploymentPostprocessing = 0;
		};
		13B07F8C1A680F5B00A75B9A /* Frameworks */ = {
			isa = PBXFrameworksBuildPhase;
			buildActionMask = 2147483647;
			files = (
				D12997564E763EBA0C89B77E /* libPods-pw_mobile.a in Frameworks */,
			);
			runOnlyForDeploymentPostprocessing = 0;
		};
/* End PBXFrameworksBuildPhase section */

/* Begin PBXGroup section */
		00E356EF1AD99517003FC87E /* pw_mobileTests */ = {
			isa = PBXGroup;
			children = (
				00E356F21AD99517003FC87E /* pw_mobileTests.m */,
				00E356F01AD99517003FC87E /* Supporting Files */,
			);
			path = pw_mobileTests;
			sourceTree = "<group>";
		};
		00E356F01AD99517003FC87E /* Supporting Files */ = {
			isa = PBXGroup;
			children = (
				00E356F11AD99517003FC87E /* Info.plist */,
			);
			name = "Supporting Files";
			sourceTree = "<group>";
		};
		13B07FAE1A68108700A75B9A /* pw_mobile */ = {
			isa = PBXGroup;
			children = (
				13B07FAF1A68108700A75B9A /* AppDelegate.h */,
				13B07FB01A68108700A75B9A /* AppDelegate.mm */,
				13B07FB51A68108700A75B9A /* Images.xcassets */,
				13B07FB61A68108700A75B9A /* Info.plist */,
				81AB9BB72411601600AC10FF /* LaunchScreen.storyboard */,
				13B07FB71A68108700A75B9A /* main.m */,
			);
			name = pw_mobile;
			sourceTree = "<group>";
		};
		2D16E6871FA4F8E400B85C8A /* Frameworks */ = {
			isa = PBXGroup;
			children = (
				ED297162215061F000B7C4FE /* JavaScriptCore.framework */,
				FB7256A9DE15EA54B3D72278 /* libPods-pw_mobile.a */,
				60611D811E4BFD926568F61B /* libPods-pw_mobile-pw_mobileTests.a */,
			);
			name = Frameworks;
			sourceTree = "<group>";
		};
		832341AE1AAA6A7D00B99B32 /* Libraries */ = {
			isa = PBXGroup;
			children = (
			);
			name = Libraries;
			sourceTree = "<group>";
		};
		83CBB9F61A601CBA00E9B192 = {
			isa = PBXGroup;
			children = (
				8AD5E6322AB3735900925DB5 /* Fonts */,
				13B07FAE1A68108700A75B9A /* pw_mobile */,
				832341AE1AAA6A7D00B99B32 /* Libraries */,
				00E356EF1AD99517003FC87E /* pw_mobileTests */,
				83CBBA001A601CBA00E9B192 /* Products */,
				2D16E6871FA4F8E400B85C8A /* Frameworks */,
				BBD78D7AC51CEA395F1C20DB /* Pods */,
				95FE25B48E5B4E589E1A366D /* Resources */,
			);
			indentWidth = 2;
			sourceTree = "<group>";
			tabWidth = 2;
			usesTabs = 0;
		};
		83CBBA001A601CBA00E9B192 /* Products */ = {
			isa = PBXGroup;
			children = (
				13B07F961A680F5B00A75B9A /* pw_mobile.app */,
				00E356EE1AD99517003FC87E /* pw_mobileTests.xctest */,
			);
			name = Products;
			sourceTree = "<group>";
		};
		8AD5E6322AB3735900925DB5 /* Fonts */ = {
			isa = PBXGroup;
			children = (
				8AD5E6332AB3735900925DB5 /* Fontisto.ttf */,
				8AD5E6342AB3735900925DB5 /* Octicons.ttf */,
				8AD5E6352AB3735900925DB5 /* Feather.ttf */,
				8AD5E6362AB3735900925DB5 /* FontAwesome6_Regular.ttf */,
				8AD5E6372AB3735900925DB5 /* Entypo.ttf */,
				8AD5E6382AB3735900925DB5 /* FontAwesome5_Brands.ttf */,
				8AD5E6392AB3735900925DB5 /* MaterialCommunityIcons.ttf */,
				8AD5E63A2AB3735900925DB5 /* AntDesign.ttf */,
				8AD5E63B2AB3735900925DB5 /* Foundation.ttf */,
				8AD5E63C2AB3735900925DB5 /* Ionicons.ttf */,
				8AD5E63D2AB3735900925DB5 /* FontAwesome5_Solid.ttf */,
				8AD5E63E2AB3735900925DB5 /* FontAwesome5_Regular.ttf */,
				8AD5E63F2AB3735900925DB5 /* FontAwesome.ttf */,
				8AD5E6402AB3735900925DB5 /* Zocial.ttf */,
				8AD5E6412AB3735900925DB5 /* EvilIcons.ttf */,
				8AD5E6422AB3735900925DB5 /* FontAwesome6_Solid.ttf */,
				8AD5E6432AB3735900925DB5 /* SimpleLineIcons.ttf */,
				8AD5E6442AB3735900925DB5 /* FontAwesome6_Brands.ttf */,
				8AD5E6452AB3735900925DB5 /* MaterialIcons.ttf */,
			);
			path = Fonts;
			sourceTree = "<group>";
		};
		95FE25B48E5B4E589E1A366D /* Resources */ = {
			isa = PBXGroup;
			children = (
				3D6A8F4ADC87463B90F04147 /* Inter-Black.ttf */,
				8D9C0244B21D4FEE8F8EC6C3 /* Inter-Bold.ttf */,
				AEC204373CE0413C8D18D073 /* Inter-ExtraBold.ttf */,
				F7B11666D1014EB5BE72DA42 /* Inter-ExtraLight.ttf */,
				52631615F3EA46CDB07F56EE /* Inter-Light.ttf */,
				2CA0F10E9B694D5B997E188E /* Inter-Medium.ttf */,
				3F24B6F7191944FB94A9861D /* Inter-Regular.ttf */,
				8DBBCCD34D6E44EB8D462557 /* Inter-SemiBold.ttf */,
				034D976B031144D49C08597D /* Inter-Thin.ttf */,
				3A96DAFF5E654DFA8A1F1C4B /* Inter-VariableFont_slnt,wght.ttf */,
				64DB7B5450E04CD98BC2A959 /* OFL.txt */,
				808EB68C41AD4177BE48255B /* README.txt */,
			);
			name = Resources;
			path = "";
			sourceTree = "<group>";
		};
		BBD78D7AC51CEA395F1C20DB /* Pods */ = {
			isa = PBXGroup;
			children = (
				ED2A324BF5706AFFD8714E36 /* Pods-pw_mobile.debug.xcconfig */,
				38215656BD2C7923A1E667CE /* Pods-pw_mobile.release.xcconfig */,
				81C5BE6677EDAE5DE329A3F1 /* Pods-pw_mobile-pw_mobileTests.debug.xcconfig */,
				1ED0F42CAA139E750481A345 /* Pods-pw_mobile-pw_mobileTests.release.xcconfig */,
			);
			path = Pods;
			sourceTree = "<group>";
		};
/* End PBXGroup section */

/* Begin PBXNativeTarget section */
		00E356ED1AD99517003FC87E /* pw_mobileTests */ = {
			isa = PBXNativeTarget;
			buildConfigurationList = 00E357021AD99517003FC87E /* Build configuration list for PBXNativeTarget "pw_mobileTests" */;
			buildPhases = (
				D07288A489040A836B27CB69 /* [CP] Check Pods Manifest.lock */,
				00E356EA1AD99517003FC87E /* Sources */,
				00E356EB1AD99517003FC87E /* Frameworks */,
				00E356EC1AD99517003FC87E /* Resources */,
				F38E69662AAD4485411C2BD6 /* [CP] Embed Pods Frameworks */,
				DC1FEEF59281B99FF5BF80AE /* [CP] Copy Pods Resources */,
			);
			buildRules = (
			);
			dependencies = (
				00E356F51AD99517003FC87E /* PBXTargetDependency */,
			);
			name = pw_mobileTests;
			productName = pw_mobileTests;
			productReference = 00E356EE1AD99517003FC87E /* pw_mobileTests.xctest */;
			productType = "com.apple.product-type.bundle.unit-test";
		};
		13B07F861A680F5B00A75B9A /* pw_mobile */ = {
			isa = PBXNativeTarget;
			buildConfigurationList = 13B07F931A680F5B00A75B9A /* Build configuration list for PBXNativeTarget "pw_mobile" */;
			buildPhases = (
				FDD6B562AA66E8ABFB50209B /* [CP] Check Pods Manifest.lock */,
				FD10A7F022414F080027D42C /* Start Packager */,
				13B07F871A680F5B00A75B9A /* Sources */,
				13B07F8C1A680F5B00A75B9A /* Frameworks */,
				13B07F8E1A680F5B00A75B9A /* Resources */,
				00DD1BFF1BD5951E006B06BC /* Bundle React Native code and images */,
				01E077C5BC8DD3EA14357BB5 /* [CP] Embed Pods Frameworks */,
				10F19D27A9317CAD87DCA425 /* [CP] Copy Pods Resources */,
			);
			buildRules = (
			);
			dependencies = (
			);
			name = pw_mobile;
			productName = pw_mobile;
			productReference = 13B07F961A680F5B00A75B9A /* pw_mobile.app */;
			productType = "com.apple.product-type.application";
		};
/* End PBXNativeTarget section */

/* Begin PBXProject section */
		83CBB9F71A601CBA00E9B192 /* Project object */ = {
			isa = PBXProject;
			attributes = {
				LastUpgradeCheck = 1210;
				TargetAttributes = {
					00E356ED1AD99517003FC87E = {
						CreatedOnToolsVersion = 6.2;
						TestTargetID = 13B07F861A680F5B00A75B9A;
					};
					13B07F861A680F5B00A75B9A = {
						LastSwiftMigration = 1120;
					};
				};
			};
			buildConfigurationList = 83CBB9FA1A601CBA00E9B192 /* Build configuration list for PBXProject "pw_mobile" */;
			compatibilityVersion = "Xcode 12.0";
			developmentRegion = en;
			hasScannedForEncodings = 0;
			knownRegions = (
				en,
				Base,
			);
			mainGroup = 83CBB9F61A601CBA00E9B192;
			productRefGroup = 83CBBA001A601CBA00E9B192 /* Products */;
			projectDirPath = "";
			projectRoot = "";
			targets = (
				13B07F861A680F5B00A75B9A /* pw_mobile */,
				00E356ED1AD99517003FC87E /* pw_mobileTests */,
			);
		};
/* End PBXProject section */

/* Begin PBXResourcesBuildPhase section */
		00E356EC1AD99517003FC87E /* Resources */ = {
			isa = PBXResourcesBuildPhase;
			buildActionMask = 2147483647;
			files = (
			);
			runOnlyForDeploymentPostprocessing = 0;
		};
		13B07F8E1A680F5B00A75B9A /* Resources */ = {
			isa = PBXResourcesBuildPhase;
			buildActionMask = 2147483647;
			files = (
				8AD5E6462AB3737C00925DB5 /* Fontisto.ttf in Resources */,
				8AD5E6472AB3737C00925DB5 /* Octicons.ttf in Resources */,
				8AD5E6482AB3737C00925DB5 /* Feather.ttf in Resources */,
				8AD5E6492AB3737C00925DB5 /* FontAwesome6_Regular.ttf in Resources */,
				8AD5E64A2AB3737C00925DB5 /* Entypo.ttf in Resources */,
				8AD5E64B2AB3737C00925DB5 /* FontAwesome5_Brands.ttf in Resources */,
				8AD5E64C2AB3737C00925DB5 /* MaterialCommunityIcons.ttf in Resources */,
				8AD5E64D2AB3737C00925DB5 /* AntDesign.ttf in Resources */,
				8AD5E64E2AB3737C00925DB5 /* Foundation.ttf in Resources */,
				8AD5E64F2AB3737C00925DB5 /* Ionicons.ttf in Resources */,
				8AD5E6502AB3737C00925DB5 /* FontAwesome5_Solid.ttf in Resources */,
				8AD5E6512AB3737C00925DB5 /* FontAwesome5_Regular.ttf in Resources */,
				8AD5E6522AB3737C00925DB5 /* FontAwesome.ttf in Resources */,
				8AD5E6532AB3737C00925DB5 /* Zocial.ttf in Resources */,
				8AD5E6542AB3737C00925DB5 /* EvilIcons.ttf in Resources */,
				8AD5E6552AB3737C00925DB5 /* FontAwesome6_Solid.ttf in Resources */,
				8AD5E6562AB3737C00925DB5 /* SimpleLineIcons.ttf in Resources */,
				8AD5E6572AB3737C00925DB5 /* FontAwesome6_Brands.ttf in Resources */,
				8AD5E6582AB3737C00925DB5 /* MaterialIcons.ttf in Resources */,
				81AB9BB82411601600AC10FF /* LaunchScreen.storyboard in Resources */,
				13B07FBF1A68108700A75B9A /* Images.xcassets in Resources */,
				3CA8855B37DD49A1963EFA62 /* Inter-Black.ttf in Resources */,
				485A9C5403C94B2F84C0715B /* Inter-Bold.ttf in Resources */,
				D9E73126D4A14086AD4F7D06 /* Inter-ExtraBold.ttf in Resources */,
				A2A23F24C437498E86C23DC0 /* Inter-ExtraLight.ttf in Resources */,
				1FDE701E3FD2474CB0FF6D21 /* Inter-Light.ttf in Resources */,
				3D86D20926494AC2868A2C18 /* Inter-Medium.ttf in Resources */,
				E53EED371C974DF59EF54B68 /* Inter-Regular.ttf in Resources */,
				37A666B9BD9344D0BB23F3AE /* Inter-SemiBold.ttf in Resources */,
				2095F4EAE2704A61890EAD24 /* Inter-Thin.ttf in Resources */,
				521C6B821BA449D78E4EC2FE /* Inter-VariableFont_slnt,wght.ttf in Resources */,
				F89CE0B4A89A45B581DDB752 /* OFL.txt in Resources */,
				9CE97A39E76548799AB04FC1 /* README.txt in Resources */,
			);
			runOnlyForDeploymentPostprocessing = 0;
		};
/* End PBXResourcesBuildPhase section */

/* Begin PBXShellScriptBuildPhase section */
		00DD1BFF1BD5951E006B06BC /* Bundle React Native code and images */ = {
			isa = PBXShellScriptBuildPhase;
			buildActionMask = 2147483647;
			files = (
			);
			inputPaths = (
				"$(SRCROOT)/.xcode.env.local",
				"$(SRCROOT)/.xcode.env",
			);
			name = "Bundle React Native code and images";
			outputPaths = (
			);
			runOnlyForDeploymentPostprocessing = 0;
			shellPath = /bin/sh;
			shellScript = "set -e\n\nexport NODE_BINARY=node\n../node_modules/react-native/scripts/react-native-xcode.sh\n../node_modules/react-native-vector-image/strip_svgs.sh\n\nWITH_ENVIRONMENT=\"../node_modules/react-native/scripts/xcode/with-environment.sh\"\nREACT_NATIVE_XCODE=\"../node_modules/react-native/scripts/react-native-xcode.sh\"\n\n/bin/sh -c \"$WITH_ENVIRONMENT $REACT_NATIVE_XCODE\"\n\n";
		};
		01E077C5BC8DD3EA14357BB5 /* [CP] Embed Pods Frameworks */ = {
			isa = PBXShellScriptBuildPhase;
			buildActionMask = 2147483647;
			files = (
			);
			inputFileListPaths = (
				"${PODS_ROOT}/Target Support Files/Pods-pw_mobile/Pods-pw_mobile-frameworks-${CONFIGURATION}-input-files.xcfilelist",
			);
			name = "[CP] Embed Pods Frameworks";
			outputFileListPaths = (
				"${PODS_ROOT}/Target Support Files/Pods-pw_mobile/Pods-pw_mobile-frameworks-${CONFIGURATION}-output-files.xcfilelist",
			);
			runOnlyForDeploymentPostprocessing = 0;
			shellPath = /bin/sh;
			shellScript = "\"${PODS_ROOT}/Target Support Files/Pods-pw_mobile/Pods-pw_mobile-frameworks.sh\"\n";
			showEnvVarsInLog = 0;
		};
		10F19D27A9317CAD87DCA425 /* [CP] Copy Pods Resources */ = {
			isa = PBXShellScriptBuildPhase;
			buildActionMask = 2147483647;
			files = (
			);
			inputFileListPaths = (
				"${PODS_ROOT}/Target Support Files/Pods-pw_mobile/Pods-pw_mobile-resources-${CONFIGURATION}-input-files.xcfilelist",
			);
			name = "[CP] Copy Pods Resources";
			outputFileListPaths = (
				"${PODS_ROOT}/Target Support Files/Pods-pw_mobile/Pods-pw_mobile-resources-${CONFIGURATION}-output-files.xcfilelist",
			);
			runOnlyForDeploymentPostprocessing = 0;
			shellPath = /bin/sh;
			shellScript = "\"${PODS_ROOT}/Target Support Files/Pods-pw_mobile/Pods-pw_mobile-resources.sh\"\n";
			showEnvVarsInLog = 0;
		};
		D07288A489040A836B27CB69 /* [CP] Check Pods Manifest.lock */ = {
			isa = PBXShellScriptBuildPhase;
			buildActionMask = 2147483647;
			files = (
			);
			inputFileListPaths = (
			);
			inputPaths = (
				"${PODS_PODFILE_DIR_PATH}/Podfile.lock",
				"${PODS_ROOT}/Manifest.lock",
			);
			name = "[CP] Check Pods Manifest.lock";
			outputFileListPaths = (
			);
			outputPaths = (
				"$(DERIVED_FILE_DIR)/Pods-pw_mobile-pw_mobileTests-checkManifestLockResult.txt",
			);
			runOnlyForDeploymentPostprocessing = 0;
			shellPath = /bin/sh;
			shellScript = "diff \"${PODS_PODFILE_DIR_PATH}/Podfile.lock\" \"${PODS_ROOT}/Manifest.lock\" > /dev/null\nif [ $? != 0 ] ; then\n    # print error to STDERR\n    echo \"error: The sandbox is not in sync with the Podfile.lock. Run 'pod install' or update your CocoaPods installation.\" >&2\n    exit 1\nfi\n# This output is used by Xcode 'outputs' to avoid re-running this script phase.\necho \"SUCCESS\" > \"${SCRIPT_OUTPUT_FILE_0}\"\n";
			showEnvVarsInLog = 0;
		};
		DC1FEEF59281B99FF5BF80AE /* [CP] Copy Pods Resources */ = {
			isa = PBXShellScriptBuildPhase;
			buildActionMask = 2147483647;
			files = (
			);
			inputFileListPaths = (
				"${PODS_ROOT}/Target Support Files/Pods-pw_mobile-pw_mobileTests/Pods-pw_mobile-pw_mobileTests-resources-${CONFIGURATION}-input-files.xcfilelist",
			);
			name = "[CP] Copy Pods Resources";
			outputFileListPaths = (
				"${PODS_ROOT}/Target Support Files/Pods-pw_mobile-pw_mobileTests/Pods-pw_mobile-pw_mobileTests-resources-${CONFIGURATION}-output-files.xcfilelist",
			);
			runOnlyForDeploymentPostprocessing = 0;
			shellPath = /bin/sh;
			shellScript = "\"${PODS_ROOT}/Target Support Files/Pods-pw_mobile-pw_mobileTests/Pods-pw_mobile-pw_mobileTests-resources.sh\"\n";
			showEnvVarsInLog = 0;
		};
		F38E69662AAD4485411C2BD6 /* [CP] Embed Pods Frameworks */ = {
			isa = PBXShellScriptBuildPhase;
			buildActionMask = 2147483647;
			files = (
			);
			inputFileListPaths = (
				"${PODS_ROOT}/Target Support Files/Pods-pw_mobile-pw_mobileTests/Pods-pw_mobile-pw_mobileTests-frameworks-${CONFIGURATION}-input-files.xcfilelist",
			);
			name = "[CP] Embed Pods Frameworks";
			outputFileListPaths = (
				"${PODS_ROOT}/Target Support Files/Pods-pw_mobile-pw_mobileTests/Pods-pw_mobile-pw_mobileTests-frameworks-${CONFIGURATION}-output-files.xcfilelist",
			);
			runOnlyForDeploymentPostprocessing = 0;
			shellPath = /bin/sh;
			shellScript = "\"${PODS_ROOT}/Target Support Files/Pods-pw_mobile-pw_mobileTests/Pods-pw_mobile-pw_mobileTests-frameworks.sh\"\n";
			showEnvVarsInLog = 0;
		};
		FD10A7F022414F080027D42C /* Start Packager */ = {
			isa = PBXShellScriptBuildPhase;
			buildActionMask = 2147483647;
			files = (
			);
			inputFileListPaths = (
			);
			inputPaths = (
			);
			name = "Start Packager";
			outputFileListPaths = (
			);
			outputPaths = (
			);
			runOnlyForDeploymentPostprocessing = 0;
			shellPath = /bin/sh;
			shellScript = "export RCT_METRO_PORT=\"${RCT_METRO_PORT:=8081}\"\necho \"export RCT_METRO_PORT=${RCT_METRO_PORT}\" > \"${SRCROOT}/../node_modules/react-native/scripts/.packager.env\"\nif [ -z \"${RCT_NO_LAUNCH_PACKAGER+xxx}\" ] ; then\n  if nc -w 5 -z localhost ${RCT_METRO_PORT} ; then\n    if ! curl -s \"http://localhost:${RCT_METRO_PORT}/status\" | grep -q \"packager-status:running\" ; then\n      echo \"Port ${RCT_METRO_PORT} already in use, packager is either not running or not running correctly\"\n      exit 2\n    fi\n  else\n    open \"$SRCROOT/../node_modules/react-native/scripts/launchPackager.command\" || echo \"Can't start packager automatically\"\n  fi\nfi\n";
			showEnvVarsInLog = 0;
		};
		FDD6B562AA66E8ABFB50209B /* [CP] Check Pods Manifest.lock */ = {
			isa = PBXShellScriptBuildPhase;
			buildActionMask = 2147483647;
			files = (
			);
			inputFileListPaths = (
			);
			inputPaths = (
				"${PODS_PODFILE_DIR_PATH}/Podfile.lock",
				"${PODS_ROOT}/Manifest.lock",
			);
			name = "[CP] Check Pods Manifest.lock";
			outputFileListPaths = (
			);
			outputPaths = (
				"$(DERIVED_FILE_DIR)/Pods-pw_mobile-checkManifestLockResult.txt",
			);
			runOnlyForDeploymentPostprocessing = 0;
			shellPath = /bin/sh;
			shellScript = "diff \"${PODS_PODFILE_DIR_PATH}/Podfile.lock\" \"${PODS_ROOT}/Manifest.lock\" > /dev/null\nif [ $? != 0 ] ; then\n    # print error to STDERR\n    echo \"error: The sandbox is not in sync with the Podfile.lock. Run 'pod install' or update your CocoaPods installation.\" >&2\n    exit 1\nfi\n# This output is used by Xcode 'outputs' to avoid re-running this script phase.\necho \"SUCCESS\" > \"${SCRIPT_OUTPUT_FILE_0}\"\n";
			showEnvVarsInLog = 0;
		};
/* End PBXShellScriptBuildPhase section */

/* Begin PBXSourcesBuildPhase section */
		00E356EA1AD99517003FC87E /* Sources */ = {
			isa = PBXSourcesBuildPhase;
			buildActionMask = 2147483647;
			files = (
				00E356F31AD99517003FC87E /* pw_mobileTests.m in Sources */,
			);
			runOnlyForDeploymentPostprocessing = 0;
		};
		13B07F871A680F5B00A75B9A /* Sources */ = {
			isa = PBXSourcesBuildPhase;
			buildActionMask = 2147483647;
			files = (
				13B07FBC1A68108700A75B9A /* AppDelegate.mm in Sources */,
				13B07FC11A68108700A75B9A /* main.m in Sources */,
			);
			runOnlyForDeploymentPostprocessing = 0;
		};
/* End PBXSourcesBuildPhase section */

/* Begin PBXTargetDependency section */
		00E356F51AD99517003FC87E /* PBXTargetDependency */ = {
			isa = PBXTargetDependency;
			target = 13B07F861A680F5B00A75B9A /* pw_mobile */;
			targetProxy = 00E356F41AD99517003FC87E /* PBXContainerItemProxy */;
		};
/* End PBXTargetDependency section */

/* Begin XCBuildConfiguration section */
		00E356F61AD99517003FC87E /* Debug */ = {
			isa = XCBuildConfiguration;
			baseConfigurationReference = 81C5BE6677EDAE5DE329A3F1 /* Pods-pw_mobile-pw_mobileTests.debug.xcconfig */;
			buildSettings = {
				BUNDLE_LOADER = "$(TEST_HOST)";
				GCC_PREPROCESSOR_DEFINITIONS = (
					"DEBUG=1",
					"$(inherited)",
				);
				INFOPLIST_FILE = pw_mobileTests/Info.plist;
				IPHONEOS_DEPLOYMENT_TARGET = 12.4;
				LD_RUNPATH_SEARCH_PATHS = (
					"$(inherited)",
					"@executable_path/Frameworks",
					"@loader_path/Frameworks",
				);
				OTHER_LDFLAGS = (
					"-ObjC",
					"-lc++",
					"$(inherited)",
				);
				PRODUCT_BUNDLE_IDENTIFIER = "org.reactjs.native.example.$(PRODUCT_NAME:rfc1034identifier)";
				PRODUCT_NAME = "$(TARGET_NAME)";
				TEST_HOST = "$(BUILT_PRODUCTS_DIR)/pw_mobile.app/pw_mobile";
			};
			name = Debug;
		};
		00E356F71AD99517003FC87E /* Release */ = {
			isa = XCBuildConfiguration;
			baseConfigurationReference = 1ED0F42CAA139E750481A345 /* Pods-pw_mobile-pw_mobileTests.release.xcconfig */;
			buildSettings = {
				BUNDLE_LOADER = "$(TEST_HOST)";
				COPY_PHASE_STRIP = NO;
				INFOPLIST_FILE = pw_mobileTests/Info.plist;
				IPHONEOS_DEPLOYMENT_TARGET = 12.4;
				LD_RUNPATH_SEARCH_PATHS = (
					"$(inherited)",
					"@executable_path/Frameworks",
					"@loader_path/Frameworks",
				);
				OTHER_LDFLAGS = (
					"-ObjC",
					"-lc++",
					"$(inherited)",
				);
				PRODUCT_BUNDLE_IDENTIFIER = "org.reactjs.native.example.$(PRODUCT_NAME:rfc1034identifier)";
				PRODUCT_NAME = "$(TARGET_NAME)";
				TEST_HOST = "$(BUILT_PRODUCTS_DIR)/pw_mobile.app/pw_mobile";
			};
			name = Release;
		};
		13B07F941A680F5B00A75B9A /* Debug */ = {
			isa = XCBuildConfiguration;
			baseConfigurationReference = ED2A324BF5706AFFD8714E36 /* Pods-pw_mobile.debug.xcconfig */;
			buildSettings = {
				ASSETCATALOG_COMPILER_APPICON_NAME = AppIcon;
				CLANG_ENABLE_MODULES = YES;
				CURRENT_PROJECT_VERSION = 1;
				ENABLE_BITCODE = NO;
				INFOPLIST_FILE = pw_mobile/Info.plist;
				LD_RUNPATH_SEARCH_PATHS = (
					"$(inherited)",
					"@executable_path/Frameworks",
				);
				MARKETING_VERSION = 1.0;
				OTHER_LDFLAGS = (
					"$(inherited)",
					"-ObjC",
					"-lc++",
				);
				PRODUCT_BUNDLE_IDENTIFIER = "org.reactjs.native.example.$(PRODUCT_NAME:rfc1034identifier)";
				PRODUCT_NAME = pw_mobile;
				SWIFT_OPTIMIZATION_LEVEL = "-Onone";
				SWIFT_VERSION = 5.0;
				VERSIONING_SYSTEM = "apple-generic";
			};
			name = Debug;
		};
		13B07F951A680F5B00A75B9A /* Release */ = {
			isa = XCBuildConfiguration;
			baseConfigurationReference = 38215656BD2C7923A1E667CE /* Pods-pw_mobile.release.xcconfig */;
			buildSettings = {
				ASSETCATALOG_COMPILER_APPICON_NAME = AppIcon;
				CLANG_ENABLE_MODULES = YES;
				CURRENT_PROJECT_VERSION = 1;
				INFOPLIST_FILE = pw_mobile/Info.plist;
				LD_RUNPATH_SEARCH_PATHS = (
					"$(inherited)",
					"@executable_path/Frameworks",
				);
				MARKETING_VERSION = 1.0;
				OTHER_LDFLAGS = (
					"$(inherited)",
					"-ObjC",
					"-lc++",
				);
				PRODUCT_BUNDLE_IDENTIFIER = "org.reactjs.native.example.$(PRODUCT_NAME:rfc1034identifier)";
				PRODUCT_NAME = pw_mobile;
				SWIFT_VERSION = 5.0;
				VERSIONING_SYSTEM = "apple-generic";
			};
			name = Release;
		};
		83CBBA201A601CBA00E9B192 /* Debug */ = {
			isa = XCBuildConfiguration;
			buildSettings = {
				ALWAYS_SEARCH_USER_PATHS = NO;
				CLANG_ANALYZER_LOCALIZABILITY_NONLOCALIZED = YES;
				CLANG_CXX_LANGUAGE_STANDARD = "c++17";
				CLANG_CXX_LIBRARY = "libc++";
				CLANG_ENABLE_MODULES = YES;
				CLANG_ENABLE_OBJC_ARC = YES;
				CLANG_WARN_BLOCK_CAPTURE_AUTORELEASING = YES;
				CLANG_WARN_BOOL_CONVERSION = YES;
				CLANG_WARN_COMMA = YES;
				CLANG_WARN_CONSTANT_CONVERSION = YES;
				CLANG_WARN_DEPRECATED_OBJC_IMPLEMENTATIONS = YES;
				CLANG_WARN_DIRECT_OBJC_ISA_USAGE = YES_ERROR;
				CLANG_WARN_EMPTY_BODY = YES;
				CLANG_WARN_ENUM_CONVERSION = YES;
				CLANG_WARN_INFINITE_RECURSION = YES;
				CLANG_WARN_INT_CONVERSION = YES;
				CLANG_WARN_NON_LITERAL_NULL_CONVERSION = YES;
				CLANG_WARN_OBJC_IMPLICIT_RETAIN_SELF = YES;
				CLANG_WARN_OBJC_LITERAL_CONVERSION = YES;
				CLANG_WARN_OBJC_ROOT_CLASS = YES_ERROR;
				CLANG_WARN_QUOTED_INCLUDE_IN_FRAMEWORK_HEADER = YES;
				CLANG_WARN_RANGE_LOOP_ANALYSIS = YES;
				CLANG_WARN_STRICT_PROTOTYPES = YES;
				CLANG_WARN_SUSPICIOUS_MOVE = YES;
				CLANG_WARN_UNREACHABLE_CODE = YES;
				CLANG_WARN__DUPLICATE_METHOD_MATCH = YES;
				"CODE_SIGN_IDENTITY[sdk=iphoneos*]" = "iPhone Developer";
				COPY_PHASE_STRIP = NO;
				ENABLE_STRICT_OBJC_MSGSEND = YES;
				ENABLE_TESTABILITY = YES;
				"EXCLUDED_ARCHS[sdk=iphonesimulator*]" = i386;
				GCC_C_LANGUAGE_STANDARD = gnu99;
				GCC_DYNAMIC_NO_PIC = NO;
				GCC_NO_COMMON_BLOCKS = YES;
				GCC_OPTIMIZATION_LEVEL = 0;
				GCC_PREPROCESSOR_DEFINITIONS = (
					"DEBUG=1",
					"$(inherited)",
				);
				GCC_SYMBOLS_PRIVATE_EXTERN = NO;
				GCC_WARN_64_TO_32_BIT_CONVERSION = YES;
				GCC_WARN_ABOUT_RETURN_TYPE = YES_ERROR;
				GCC_WARN_UNDECLARED_SELECTOR = YES;
				GCC_WARN_UNINITIALIZED_AUTOS = YES_AGGRESSIVE;
				GCC_WARN_UNUSED_FUNCTION = YES;
				GCC_WARN_UNUSED_VARIABLE = YES;
				IPHONEOS_DEPLOYMENT_TARGET = 12.4;
				LD_RUNPATH_SEARCH_PATHS = (
					/usr/lib/swift,
					"$(inherited)",
				);
				LIBRARY_SEARCH_PATHS = (
					"\"$(SDKROOT)/usr/lib/swift\"",
					"\"$(TOOLCHAIN_DIR)/usr/lib/swift/$(PLATFORM_NAME)\"",
					"\"$(inherited)\"",
				);
				MTL_ENABLE_DEBUG_INFO = YES;
				ONLY_ACTIVE_ARCH = YES;
				OTHER_CFLAGS = "$(inherited)";
				OTHER_CPLUSPLUSFLAGS = (
					"$(OTHER_CFLAGS)",
					"-DFOLLY_NO_CONFIG",
					"-DFOLLY_MOBILE=1",
					"-DFOLLY_USE_LIBCPP=1",
				);
				REACT_NATIVE_PATH = "${PODS_ROOT}/../../node_modules/react-native";
				SDKROOT = iphoneos;
			};
			name = Debug;
		};
		83CBBA211A601CBA00E9B192 /* Release */ = {
			isa = XCBuildConfiguration;
			buildSettings = {
				ALWAYS_SEARCH_USER_PATHS = NO;
				CLANG_ANALYZER_LOCALIZABILITY_NONLOCALIZED = YES;
				CLANG_CXX_LANGUAGE_STANDARD = "c++17";
				CLANG_CXX_LIBRARY = "libc++";
				CLANG_ENABLE_MODULES = YES;
				CLANG_ENABLE_OBJC_ARC = YES;
				CLANG_WARN_BLOCK_CAPTURE_AUTORELEASING = YES;
				CLANG_WARN_BOOL_CONVERSION = YES;
				CLANG_WARN_COMMA = YES;
				CLANG_WARN_CONSTANT_CONVERSION = YES;
				CLANG_WARN_DEPRECATED_OBJC_IMPLEMENTATIONS = YES;
				CLANG_WARN_DIRECT_OBJC_ISA_USAGE = YES_ERROR;
				CLANG_WARN_EMPTY_BODY = YES;
				CLANG_WARN_ENUM_CONVERSION = YES;
				CLANG_WARN_INFINITE_RECURSION = YES;
				CLANG_WARN_INT_CONVERSION = YES;
				CLANG_WARN_NON_LITERAL_NULL_CONVERSION = YES;
				CLANG_WARN_OBJC_IMPLICIT_RETAIN_SELF = YES;
				CLANG_WARN_OBJC_LITERAL_CONVERSION = YES;
				CLANG_WARN_OBJC_ROOT_CLASS = YES_ERROR;
				CLANG_WARN_QUOTED_INCLUDE_IN_FRAMEWORK_HEADER = YES;
				CLANG_WARN_RANGE_LOOP_ANALYSIS = YES;
				CLANG_WARN_STRICT_PROTOTYPES = YES;
				CLANG_WARN_SUSPICIOUS_MOVE = YES;
				CLANG_WARN_UNREACHABLE_CODE = YES;
				CLANG_WARN__DUPLICATE_METHOD_MATCH = YES;
				"CODE_SIGN_IDENTITY[sdk=iphoneos*]" = "iPhone Developer";
				COPY_PHASE_STRIP = YES;
				ENABLE_NS_ASSERTIONS = NO;
				ENABLE_STRICT_OBJC_MSGSEND = YES;
				"EXCLUDED_ARCHS[sdk=iphonesimulator*]" = i386;
				GCC_C_LANGUAGE_STANDARD = gnu99;
				GCC_NO_COMMON_BLOCKS = YES;
				GCC_WARN_64_TO_32_BIT_CONVERSION = YES;
				GCC_WARN_ABOUT_RETURN_TYPE = YES_ERROR;
				GCC_WARN_UNDECLARED_SELECTOR = YES;
				GCC_WARN_UNINITIALIZED_AUTOS = YES_AGGRESSIVE;
				GCC_WARN_UNUSED_FUNCTION = YES;
				GCC_WARN_UNUSED_VARIABLE = YES;
				IPHONEOS_DEPLOYMENT_TARGET = 12.4;
				LD_RUNPATH_SEARCH_PATHS = (
					/usr/lib/swift,
					"$(inherited)",
				);
				LIBRARY_SEARCH_PATHS = (
					"\"$(SDKROOT)/usr/lib/swift\"",
					"\"$(TOOLCHAIN_DIR)/usr/lib/swift/$(PLATFORM_NAME)\"",
					"\"$(inherited)\"",
				);
				MTL_ENABLE_DEBUG_INFO = NO;
				OTHER_CFLAGS = "$(inherited)";
				OTHER_CPLUSPLUSFLAGS = (
					"$(OTHER_CFLAGS)",
					"-DFOLLY_NO_CONFIG",
					"-DFOLLY_MOBILE=1",
					"-DFOLLY_USE_LIBCPP=1",
				);
				REACT_NATIVE_PATH = "${PODS_ROOT}/../../node_modules/react-native";
				SDKROOT = iphoneos;
				VALIDATE_PRODUCT = YES;
			};
			name = Release;
		};
/* End XCBuildConfiguration section */

/* Begin XCConfigurationList section */
		00E357021AD99517003FC87E /* Build configuration list for PBXNativeTarget "pw_mobileTests" */ = {
			isa = XCConfigurationList;
			buildConfigurations = (
				00E356F61AD99517003FC87E /* Debug */,
				00E356F71AD99517003FC87E /* Release */,
			);
			defaultConfigurationIsVisible = 0;
			defaultConfigurationName = Release;
		};
		13B07F931A680F5B00A75B9A /* Build configuration list for PBXNativeTarget "pw_mobile" */ = {
			isa = XCConfigurationList;
			buildConfigurations = (
				13B07F941A680F5B00A75B9A /* Debug */,
				13B07F951A680F5B00A75B9A /* Release */,
			);
			defaultConfigurationIsVisible = 0;
			defaultConfigurationName = Release;
		};
		83CBB9FA1A601CBA00E9B192 /* Build configuration list for PBXProject "pw_mobile" */ = {
			isa = XCConfigurationList;
			buildConfigurations = (
				83CBBA201A601CBA00E9B192 /* Debug */,
				83CBBA211A601CBA00E9B192 /* Release */,
			);
			defaultConfigurationIsVisible = 0;
			defaultConfigurationName = Release;
		};
/* End XCConfigurationList section */
	};
	rootObject = 83CBB9F71A601CBA00E9B192 /* Project object */;
}
